
Microsoft Visual Studio Solution File, Format Version 12.00
# Visual Studio Version 17
VisualStudioVersion = 17.5.002.0
MinimumVisualStudioVersion = 10.0.40219.1
Project("{9A19103F-16F7-4668-BE54-9A1E7A4F7556}") = "Cooler", "Cooler.csproj", "{AB0E5E9A-F1EF-4C3A-B281-62BBECE6291A}"
EndProject
Project("{9A19103F-16F7-4668-BE54-9A1E7A4F7556}") = "Heater", "Heater\Heater.csproj", "{E4E3E8AD-C525-4019-8D15-884D6AE3BE66}"
EndProject
Global
	GlobalSection(SolutionConfigurationPlatforms) = preSolution
		Debug|Any CPU = Debug|Any CPU
		Release|Any CPU = Release|Any CPU
	EndGlobalSection
	GlobalSection(ProjectConfigurationPlatforms) = postSolution
		{AB0E5E9A-F1EF-4C3A-B281-62BBECE6291A}.Debug|Any CPU.ActiveCfg = Debug|Any CPU
		{AB0E5E9A-F1EF-4C3A-B281-62BBECE6291A}.Debug|Any CPU.Build.0 = Debug|Any CPU
		{AB0E5E9A-F1EF-4C3A-B281-62BBECE6291A}.Release|Any CPU.ActiveCfg = Release|Any CPU
		{AB0E5E9A-F1EF-4C3A-B281-62BBECE6291A}.Release|Any CPU.Build.0 = Release|Any CPU
		{E4E3E8AD-C525-4019-8D15-884D6AE3BE66}.Debug|Any CPU.ActiveCfg = Debug|Any CPU
		{E4E3E8AD-C525-4019-8D15-884D6AE3BE66}.Debug|Any CPU.Build.0 = Debug|Any CPU
		{E4E3E8AD-C525-4019-8D15-884D6AE3BE66}.Release|Any CPU.ActiveCfg = Release|Any CPU
		{E4E3E8AD-C525-4019-8D15-884D6AE3BE66}.Release|Any CPU.Build.0 = Release|Any CPU
	EndGlobalSection
	GlobalSection(SolutionProperties) = preSolution
		HideSolutionNode = FALSE
	EndGlobalSection
	GlobalSection(ExtensibilityGlobals) = postSolution
		SolutionGuid = {87341B41-FECF-458C-AB76-CF75443254E0}
	EndGlobalSection
EndGlobal
